{
  "digest": "3dc9847e961de207c357bcf803a772d90726cd6835c66587bb8b9be64b06eddc",
  "documents": {
    "pages/1st-to-die-womens-murder-club-1_2.html": "4b8f348cb9501777990fa3d1b8c9bfcd169dcb9e6729ccf563ed7154aebd487b",
    "pages/a-distant-mirror-the-calamitous-14th-century_652.html": "cdec18058dfee8f10385b962b1ebb53453ff9e252204837f098dfbf1258e2f8c",
    "pages/a-feast-for-crows-a-song-of-ice-and-fire-4_357.html": "7b5f9f79334058a7c3e7b83e6679adf7f9d73757596941796cf1ae35059b7362",
    "pages/a-game-of-thrones-a-song-of-ice-and-fire-1_358.html": "c45c75af9d6bf5192794a8a075b80c172eaebfd67d5f88fc3210422b328e4215",
    "pages/a-la-mode-120-recipes-in-60-pairings-pies-tarts-cakes-crisps-and-more-topped-with-ice-cream-gelato-frozen-custard-and-more_611.html": "84ae94f8a12a03716aef896d85c9caed16a0bcf23907f85d8e854090bb03c92e",
    "pages/a-paris-apartment_612.html": "eb7045c40b444c15a6055df64e4640e28136468121a74daaf6698b71ce436741",
    "pages/a-study-in-scarlet-sherlock-holmes-1_656.html": "619ad938ebb1599a3274be165f9710933ac7512aa2ccb8cf63860b8ac941e81e",
    "pages/a-walk-in-the-woods-rediscovering-america-on-the-appalachian-trail_118.html": "d4f827b91890b040ebf792e09baf5e4ade821bd19fd73a00153b4888849b7f89",
    "pages/agnostic-a-spirited-manifesto_786.html": "7e9c351359282f6fd474dc9fc0574921ae5e539f43f059c3ec1415acb8c546ba",
    "pages/aladdin-and-his-wonderful-lamp_973.html": "11abb48fb93840c0afeaed3b204422773cad4d5c1daf1f4da43f82687ea7c5ef",
    "pages/and-then-there-were-none_119.html": "224e0a6ee3ab1db9c84a03a3bd75125c28cfa325a09d54ec22b77a33434bb338",
    "pages/at-the-existentialist-cafe-freedom-being-and-apricot-cocktails-with-jean-paul-sartre-simone-de-beauvoir-albert-camus-martin-heidegger-edmund-husserl-karl-jaspers-maurice-merleau-ponty-and-others_459.html": "5698fc67f343f571cfea2b37bb47048680b8a50f51b2c40269d8ffa93f09c469",
    "pages/atlas-shrugged_314.html": "3f02d78684d487d1af721f5a769eb70588296f30da649f5216238b52c2cfd9d7",
    "pages/batman-europa_668.html": "401ba6d2b43714fba0f3f6fd7ad0084512e612532ad09ba268c3eccf8801a5ed",
    "pages/beautiful-creatures-caster-chronicles-1_125.html": "ef6776f677ef85c78329ba9337c6b4aabec0a05d65cb99eb8fcb49e1d8f04bd9",
    "pages/beyond-good-and-evil_6.html": "3749c2e5d5e74d9edd6dee4278f27e98edb50d27517f4037b978bc845db3c907",
    "pages/birdsong-a-story-in-pictures_975.html": "f1c3ceaf09c99f88c6d66c75ca358e9a69c35753cbe1718f456386f785efc92f",
    "pages/blood-defense-samantha-brinkman-1_8.html": "14eaad2e9b0418b3b5f0d68fc68eac82383d39eb3774ade1d6751114e74f7b09",
    "pages/boar-island-anna-pigeon-19_613.html": "aa4e3b0d25fd6b8c70667c05fd02a3e9968e889f77a629a1369617268189bbdf",
    "pages/born-to-run-a-hidden-tribe-superathletes-and-the-greatest-race-the-world-has-never-seen_133.html": "72cd15121c2701f2349a7815730104edc6b97da19c0436dbeda5a2b7cf6150f0",
    "pages/bossypants_883.html": "326d698b16be174e65d7f091634b28caea263146541861ad50a138234f27410e",
    "pages/bridget-joness-diary-bridget-jones-1_10.html": "d2335c498bcc357db0eb401e14975439ccad4db4094a1acd90a53c88518571f2",
    "pages/camp-midnight_886.html": "10a2b5b0fc765e23e7a407ce8d2ea9d265305049b9daa747db1820a184569255",
    "pages/career-of-evil-cormoran-strike-3_137.html": "20b2db4a07ad6162d7f2d41d72d1ca466867574ba30c8d437420d3caf826a733",
    "pages/chasing-heaven-what-dying-taught-me-about-living_797.html": "425bfbe016b4587f1dc7c08b2ab61120f2e6024044a7b7c9e359bda30569e5ee",
    "pages/choosing-our-religion-the-spiritual-lives-of-americas-nones_14.html": "18e25303fc81250d90f9e4289e262aef068e4b6e69463834de2165d3a34dd8ac",
    "pages/city-of-fallen-angels-the-mortal-instruments-4_677.html": "d5c630217a6739ae31609bb3ccb58d532f78bb2995a0761b60dc0454bd3b8a5a",
    "pages/city-of-glass-the-mortal-instruments-3_678.html": "adb2c68b384cb3fabdd8ba706921e37c3f4bbe304c3445e324eaeb7ce7caf21f",
    "pages/crown-of-midnight-throne-of-glass-2_888.html": "6c74567af8cbbabd1e3c7e58a576859d6319b869d2f30a6284a6a87aa9fd6166",
    "pages/daredevils_590.html": "3761d3fdb48cfc9765ebae5e844d08fea48774d383bc9b6e2d715c3ab49174b5",
    "pages/data-a-love-story-how-i-gamed-online-dating-to-meet-my-match_367.html": "9e7288008b4993b4ce62d0d5ace81d2ee106aab6909e79dd1cf6771248dcbfcb",
    "pages/david-and-goliath-underdogs-misfits-and-the-art-of-battling-giants_146.html": "c5e6b287a07cc5b6f486eebabe69a690243b3930ba4dfd29bb4fa8839437e578",
    "pages/deception-point_426.html": "919e589e1684e3ad75deb6156639077aa55bdc9ef2a4c775ad2bba7efef2ef82",
    "pages/dress-your-family-in-corduroy-and-denim_562.html": "b01b7fd13893b69764bcbc52546c24057a7696ef381999b6d04f4065dab022dc",
    "pages/drive-the-surprising-truth-about-what-motivates-us_804.html": "c7623d50239065c28bbf13cd35dd830e6beb6f97103851e698c5cd86cd250e7c",
    "pages/dune-dune-1_151.html": "1efe603e0047a2c66ef04459c6c186cd4f595eb1fcd1505b8874844e94b3d2c4",
    "pages/emma_17.html": "5efef3302a8eeb603c0b8849ed69a535d6efb6f442c2dbf2f15f0b1ed4e78e3c",
    "pages/fighting-fate-fighting-6_18.html": "3de2370f489dbf3ae833374cea0bf51b6c8d7785b3a30ba282acc72901a307c1",
    "pages/fruits-basket-vol-3-fruits-basket-3_159.html": "e0d94d55d1e7e50b59cfe8b26eca852afa0271eaa75dd17907f51e5067f8e5d3",
    "pages/giant-days-vol-1-giant-days-1-4_22.html": "3ba378e209dec09145dbaf880f3558d6756506aab169a238a579d62e27623838",
    "pages/girl-online-on-tour-girl-online-2_101.html": "34cd7f32ffdff9af2c26d8fbb9901806585d9c1abeb240c4f6be1d9771c5c291",
    "pages/girlboss_113.html": "1d8b40f89553f127d6fe067dec95f949761dd06f17c8e311712ed4115ddf3b0d",
    "pages/give-it-back_430.html": "5e9772843cc439defe3bd42d45deb2e30b9a5f1bd6d43af52f8146027b856aa0",
    "pages/god-is-not-great-how-religion-poisons-everything_323.html": "1ab6a2e7a100678f682894f2cc855691b43152f16a75834d66af638335cddda8",
    "pages/grey-fifty-shades-4_592.html": "8e13c8f2eedb4539e392ca021f6d43b9e23b7ead4c68e364daf64ec99a4052e9",
    "pages/harry-potter-and-the-deathly-hallows-harry-potter-7_377.html": "79c32e8e23bc5bb4bb3c8657df90af277072090d261fb5750d002aeb4121e2f4",
    "pages/harry-potter-and-the-sorcerers-stone-harry-potter-1_329.html": "afe3f8d29a6c01c7cd6710cc8e0896fd6da6c50f36f2f45d765ace37965e4089",
    "pages/her-backup-boyfriend-the-sorensen-family-1_896.html": "f9cd8c42ac5ef27b01d5c2f724307a3167b6257cc901734869f3b505a8f3a5a7",
    "pages/history-of-beauty_521.html": "a4341605a777a24b81debaacdf9875dd8efbdb92d5279113eab759601e6adde9",
    "pages/hold-your-breath-search-and-rescue-1_700.html": "e1e08e59e6c322765a96e83d4b4505de5951db08cf541da5f288e8ea932cb7ce",
    "pages/house-of-lost-worlds-dinosaurs-dynasties-and-the-story-of-life-on-earth_170.html": "dedcf4f830dfcbfa4ea26fdd82e7d1f607cb04904fe39418404617667d4b285f",
    "pages/how-to-be-miserable-40-strategies-you-already-use_897.html": "dbc03778bc1cc7fdec77e0eb5613d0d6d824b700d0fa03cf92e17fd97153d54f",
    "pages/how-to-speak-golf-an-illustrated-guide-to-links-lingo_621.html": "d793c235199c6164031889469b3214dc7ecda2dee340d8ad95b9dd6418c3df35",
    "pages/i-am-malala-the-girl-who-stood-up-for-education-and-was-shot-by-the-taliban_172.html": "2b9ca799ccc079e544ac6bd656a10e7b9212e90eba68474f8c04ce039504e2c5",
    "pages/i-know-what-im-doing-and-other-lies-i-tell-myself-dispatches-from-a-life-under-construction_704.html": "e53261222a893e5f156d42b940834fb5131a2d33b59905f80334a34003f05575",
    "pages/if-i-run-if-i-run-1_174.html": "f31d843836fae09aac63844d701521d42e7af1461a7cf5c2704ff1f383d72baa",
    "pages/imperfect-harmony_26.html": "0f552ed9409fca38baee741112420d3c38f36f1ab1d2b3c3c58e6ad27a0b34ca",
    "pages/in-the-country-we-love-my-family-divided_901.html": "9a2ac42a5d2e1b148b854bfbb9765ad7097689d935442ba75409d78a3205aed9",
    "pages/in-the-garden-of-beasts-love-terror-and-an-american-family-in-hitlers-berlin_175.html": "139e6ac4595036e5d1904588a9a17f394aeac711671b2339725cc1b9399755e5",
    "pages/inferno-robert-langdon-4_176.html": "fd7ce75904472ccf54859ac19480a5c8d1e7458acd5dffcc2751bc568fd71d85",
    "pages/kierkegaard-a-christian-missionary-to-christians_527.html": "955d5ef1577eb87ef7febfc08fc35625c4b4f1ef7cab66398c58f0e4b8d11cc4",
    "pages/killing-floor-jack-reacher-1_382.html": "89641d2ce9bd2bf5ee265bc15add827b7033332a2749ea577f4200e9f02709e0",
    "pages/lab-girl_595.html": "3b437ac11b52523571acbd4a58c18cd824edc4c2fb6c4b0b88aaeff57a212337",
    "pages/les-fleurs-du-mal_530.html": "3db9870b1a005da1687f505f6731ae9c22248721e9184ad5da57e7b2f8cc280d",
    "pages/life-the-universe-and-everything-hitchhikers-guide-to-the-galaxy-3_189.html": "ceb9c30b8fa20f39a1969d1ff9c09d2798adb4965e9bce609671b5b18e106c9d",
    "pages/living-forward-a-proven-plan-to-stop-drifting-and-get-the-life-you-want_531.html": "342e0253c9cb6487f56bb7acb7949d513562d1227ed26f538ad3be4cd1f36572",
    "pages/logan-kade-fallen-crest-high-55_384.html": "536ffbd891e3b0e6f3363040a6725d5efd5c33c85bb8d70c3104459b63d25ea7",
    "pages/lord-of-the-flies_30.html": "f09d13385f4865c7e6b01c23038b26a8601d2efa0d8d5ac3d9cc938e5f082413",
    "pages/lumberjanes-vol-1-beware-the-kitten-holy-lumberjanes-1-4_906.html": "1f57dbf2a8a90456d55ffd6f5810f6790a20bf291d58bb22b3831abc237f48c9",
    "pages/lumberjanes-vol-2-friendship-to-the-max-lumberjanes-5-8_907.html": "0f9cef047be304a1004707b6dc5ba568d238a1f301c9316e00a4e7812c297527",
    "pages/lumberjanes-vol-3-a-terrible-plan-lumberjanes-9-12_905.html": "e79c4e1eb823e92a7217208e627084ecb2c2611dcaa775f5fd4fdcce12bdc0df",
    "pages/me-before-you-me-before-you-1_434.html": "8edbc277e14df80385b49cb50c2b31d917b04bc39a923c65c0fd6ab418a2272d",
    "pages/mere-christianity_435.html": "403ac6795216c890bee81c1f8dd95cfe3499b2e76d1b4ed27a326b4ee76e57bc",
    "pages/more-than-music-chasing-the-dream-1_716.html": "e79874445e813abf6b82b90d3c5aa9bdd9c59afef40de635c49bea79a966ec13",
    "pages/my-mrs-brown_719.html": "c2ab8a1693205878763dceb446325d367fd2cbf927f9cf3defdb7a1636556e8d",
    "pages/myriad-prentor-1_36.html": "4cd8f934bd8b8ce39a56bafb1eba5ee2e82ae1775c7e30b305e728c563d17520",
    "pages/naturally-lean-125-nourishing-gluten-free-plant-based-recipes-all-under-300-calories_479.html": "3968a08f7d4ed9ca10bc05306d12081ac576cd79577919289b00b1229171ecb2",
    "pages/night-shift-night-shift-1-20_335.html": "a706c81ce9bf8925f296d2c13b417e691badbb87f6c47c6f3899266cc0d22cd8",
    "pages/obsidian-lux-1_911.html": "b27ee0885785c9722befa09f855c4c497ff80069c030b283370b79a3d57c0d8f",
    "pages/of-mice-and-men_37.html": "8f8bde023b5f0a89da6780b0f80757e28d1d103c4467a645105e5c29f2ace9fc",
    "pages/once-was-a-time_724.html": "92f6b1cd12cb1f902b3d9676c6deec4f6225f9ee766c6e855248c36ea6a49913",
    "pages/orchestra-of-exiles-the-story-of-bronislaw-huberman-the-israel-philharmonic-and-the-one-thousand-jews-he-saved-from-nazi-horrors_337.html": "6f72e7033a76eb7a3a9530b876824ebcbe333d2205eee55f4f8906ef929eaea2",
    "pages/origins-alphas-05_42.html": "4cdafc6f8f2c8fdd7bc54f904615c0c9df11938b9f3d4f993fc92c3a80de641d",
    "pages/out-of-print-city-lights-spotlight-no-14_536.html": "98d966fb574fb399470024476a5698c5655efc91565cd10d52754b0999df3edf",
    "pages/paper-girls-vol-1-paper-girls-1-5_44.html": "581d0fcbf744448f402ea7609929d5a8599b784d2a58630fe2b18e607542fe87",
    "pages/paradise-lost-paradise-1_45.html": "dba953317f156885cecca56470053118cb49ec9cdd3439685e9121d2c1170e5e",
    "pages/persepolis-the-story-of-a-childhood-persepolis-1-2_206.html": "fde824423b03c2c3738a84b086d337c0cd3bfb795974d23c5f6efbd8823a6144",
    "pages/pet-sematary_726.html": "a215a33a5797ebde61de9fed72875b8022761b610427d940bcaea998aa39ac6f",
    "pages/poisonous-max-revere-novels-3_627.html": "4f19519649a8cae8af9b1c353c6bd9be73bac7eabbd3ef103040621de5e5dab2",
    "pages/poses-for-artists-volume-1-dynamic-and-sitting-poses-an-essential-reference-for-figure-drawing-and-the-human-form_825.html": "6f3d6a05a0cff7e35503ee3e72bce8bd6f13b779a156061732364f4e182c4169",
    "pages/princess-between-worlds-wide-awake-princess-5_919.html": "4446250051720d017d4382aa2fc8c5355c5653406eafd5ce847ec1c1754c4ba0",
    "pages/princess-jellyfish-2-in-1-omnibus-vol-01-princess-jellyfish-2-in-1-omnibus-1_920.html": "ebda81dd08428fd2dcbe1cfa98e1a99bed40a14f504db82be3b26fd287227375",
    "pages/quarter-life-poetry-poems-for-the-young-broke-and-hangry_727.html": "987113efebf6b27f19a579804d76370779db26590086edc5fba2288922f013dc",
    "pages/raspberry-pi-electronics-projects-for-the-evil-genius_630.html": "ae63291985d8966d0ef5c6873c3c1facbfb197f81a2ca0a9ff094e4cd93691b2",
    "pages/rat-queens-vol-1-sass-sorcery-rat-queens-collected-editions-1-5_46.html": "5129cd102c8546791bb6ba8c6a7ccc39fdee540ca95fc0ac8df7c242b587352f",
    "pages/ready-player-one_209.html": "24e5b528ab4d7346cfdaf307967b24d228f5a994baac238fa64f739891d06c6e",
    "pages/red-dragon-hannibal-lecter-1_390.html": "b57ff0783e604b1707d8a5aa55a95de0d8e7075314e4cec036bf5f5ee345e3f0",
    "pages/red-hoodarsenal-vol-1-open-for-business-red-hoodarsenal-1_729.html": "841e92373be73aff9483c981dcd7bf0e01150aefb0106dd04f9c799ba422cf45",
    "pages/rich-dad-poor-dad_483.html": "d366f87062d180fce060f411bc90f2c01d89d6de9621693ccd4c29cd2a42b467",
    "pages/rise-of-the-rocket-girls-the-women-who-propelled-us-from-missiles-to-the-moon-to-mars_213.html": "92891faa03b3b2e5aa46484ea0d508a7130ae2a9999091db67ae8ac7e3a0f4cb",
    "pages/robin-war_730.html": "ae045e6e6b8a57fd47624aab56e56f3b2a503dde2fff82292eb577d9a7db802d",
    "pages/rogue-lawyer-rogue-lawyer-1_214.html": "0301540d5f0d6aa67b596b5732b7b39ad8246d541529cfc20f52539d86795d57",
    "pages/salt_731.html": "2e08d1f0c3736defea44e3f5f9fa9cf4fab74212eb3129d4e819a1f1d0e8bd08",
    "pages/searching-for-meaning-in-gailana_648.html": "7784a505ce04dda2da2f176f9d0a47d7944d18afe528e49603d801bab54c0545",
    "pages/seven-brief-lessons-on-physics_219.html": "b4bd7058435de70b2dae09ef489c1e687b1e5bd0fb641e1d3beddd9f2dfd63d2",
    "pages/shadows-of-the-past-logan-point-1_541.html": "8f8f9943d29189a44fd6e5db392700bfadae59b4aa88fdb0dabf85f25d14e97c",
    "pages/shakespeares-sonnets_989.html": "615afc05fcc52e9a1cdf70e90de3469aa405294593c821c4f3e21f0b8866b41c",
    "pages/sharp-objects_997.html": "41ae9ef1bc17c9984b8e452c61f3370fc6e1868e9b699c803c7336136f57c0ef",
    "pages/shatter-me-shatter-me-1_53.html": "b6db87292b08127268ac2af96949b5524348c01871cc640510095364a0106216",
    "pages/soft-apocalypse_833.html": "96f5a72786394dc0baef0ca7410ef98ab2bc2f00ddea80b8de2694aed985725d",
    "pages/something-blue-darcy-rachel-2_223.html": "ccfc1e5a332a0424a78741c8ea9117631af3b192a6d7e9d1cc3073466f1673ea",
    "pages/something-more-than-this_834.html": "3e8b82a70bc880ee888a67b7b12d62883b0b7fbb90ca9f7ce2080062cabfbdda",
    "pages/spark-joy-an-illustrated-master-class-on-the-art-of-organizing-and-tidying-up_927.html": "2609db414f845ec2ba396fa7d5e7e3d05156fb952bcc79a9b1166c9a09d22ac3",
    "pages/surely-youre-joking-mr-feynman-adventures-of-a-curious-character_227.html": "049cc7c036debdf05309bd4edb408c8c9fcf7edbb2eb7ae4327fef981edcf677",
    "pages/suzie-snowflake-one-beautiful-flake-a-self-esteem-story_568.html": "563b6c3e6c2cdf5b95a9b5c9fdc6fc2c224ed5da86ace44ff9201c6a8f48b36e",
    "pages/tell-the-wind-and-fire_396.html": "74b097ad4811f512a1d9f544152cdd1d99685de300f764b4e04e5e5e3babcb50",
    "pages/that-darkness-gardiner-and-renner-1_743.html": "a6fb834bd7d5d353980754c695aa0a7fd59ed31db59c4748c9a79cc4e7c8cc8a",
    "pages/the-5th-wave-the-5th-wave-1_397.html": "1521201e4962a52a492b960b9cf5af31e9040e9944fb090738a920d46a433c43",
    "pages/the-7-habits-of-highly-effective-people-powerful-lessons-in-personal-change_489.html": "d868de380c828f0e3255ca7997916f104dc28f01ac3e93c90560731ad314f632",
    "pages/the-age-of-genius-the-seventeenth-century-and-the-birth-of-the-modern-mind_929.html": "4b3bb72e79195973eeea4a964267515b8aca848564f1b585159a02ffb4aff13f",
    "pages/the-argonauts_837.html": "839460c6b27aa077d2e6c27d3b36f50ae8535b1fdaa35a8ddf6d2973ef2898bd",
    "pages/the-art-of-startup-fundraising_606.html": "5a43b97eff3747cd44f57ad16012303194cdad1f9a25b965fbe62ed524cfc490",
    "pages/the-artists-way-a-spiritual-path-to-higher-creativity_839.html": "0f00b3956e0db4217dbb418cd02abcab0f1e25bf3b2d45b14790480a94e3d33f",
    "pages/the-beast-black-dagger-brotherhood-14_342.html": "70ae1584ce6b6ecc3beaf527ef0b76d8ab4ca5a4552364f921ed65ff6a3f106d",
    "pages/the-book-of-basketball-the-nba-according-to-the-sports-guy_232.html": "28a50600e064f7dd2fecc958ae360bfc7388b3bf728e80f5328056c7cf383f78",
    "pages/the-book-of-mormon_571.html": "c6d708c8bc87e5459052a174a0c3460704cf596347fd8796756786f24a9cda90",
    "pages/the-catcher-in-the-rye_236.html": "04204d80daed9251161431e7eb73e81c13feeb622d567a10e2244f95ce23d00e",
    "pages/the-children_633.html": "0c57b2057ee64a7c79dcdd8120c70843096dc4fb64e9ca875cf0a1bd4ec63c43",
    "pages/the-complete-stories-and-poems-the-works-of-edgar-allan-poe-cameo-edition_238.html": "61e61cc2e888f954e00063935e423720f89e6303e51cb30a2ff18c32c0b50e6e",
    "pages/the-cookies-cups-cookbook-125-sweet-savory-recipes-reminding-you-to-always-eat-dessert-first_841.html": "14ef3370b7d4d915383d2a8fcccb9888241334dc702fde5fbce9ca92ec672f73",
    "pages/the-day-the-crayons-came-home-crayons_241.html": "a94d14c41beadcfad24825bcd48a2c7512799df5f08004898c5d3e7fcfb8050e",
    "pages/the-demon-haunted-world-science-as-a-candle-in-the-dark_242.html": "f659e27194e2496d254402de274fe6ba8f9e9c08acde3cce4feef2a0e211cc53",
    "pages/the-demon-prince-of-momochi-house-vol-4-the-demon-prince-of-momochi-house-4_344.html": "bf07d37721ee079d72f8733362de368ab8f0a43e501961dddadea4c077c8feb4",
    "pages/the-demonists-demonist-1_345.html": "424c04caef524818b18cf0711dd169bd7eb8590dfec02c21186643f657105b0a",
    "pages/the-dirty-little-secrets-of-getting-your-dream-job_994.html": "7659ec0efd845c6c2cc207ac0ea29051885de9e12b216f2e28181c61560c42d8",
    "pages/the-dovekeepers_748.html": "ff2b3c9b8611d43b1f2d8ab5281a4aa3c80a8c83833856b258c05981acae43de",
    "pages/the-electric-pencil-drawings-from-inside-state-hospital-no-3_933.html": "a1829d1c2c8a179e1ec1bd9a0adaa7820ecfb5f3f08247b9d65e3ac7690ea5b6",
    "pages/the-elephant-tree_968.html": "f494921fc3c87f843a64769ba81c7b232f0636a4592b4c496f8a0207b7e47cc0",
    "pages/the-end-of-faith-religion-terror-and-the-future-of-reason_246.html": "8a243df557d1dc1370adc17bf98cb1d04e575ef7add2e830bdaf244c81016e70",
    "pages/the-end-of-the-jesus-era-an-investigation-1_64.html": "e797c16404ec641697bb7b72dd51c392a4bf0387e8c9f8b64558e9284a59876a",
    "pages/the-faith-of-christopher-hitchens-the-restless-soul-of-the-worlds-most-notorious-atheist_495.html": "7bdd672875a9592f9e761a947069dcc215dbe45780539111411fefadf6241956",
    "pages/the-false-prince-the-ascendance-trilogy-1_402.html": "7f8795ce2843ecd5ff0ba04a8a4edc88127f3463dbe759d171594be8bd4538bc",
    "pages/the-fault-in-our-stars_403.html": "19d1f052c5aa8b2d0b7048e9c6180ffd0efb7761605bf7723d6453f6af22dc68",
    "pages/the-fellowship-of-the-ring-the-lord-of-the-rings-1_442.html": "283f67b4c915d2999e6749178efe9eeb3a2b3ad6ed2f2114397b4b5706f5a045",
    "pages/the-four-agreements-a-practical-guide-to-personal-freedom_970.html": "44216dafc452636d3198cdd42593db875dd066068f1247c78a24611e9f52f185",
    "pages/the-geography-of-bliss-one-grumps-search-for-the-happiest-places-in-the-world_346.html": "10916c5bd80b43935d8b43e46406db26e84fafafd3f7cd8423234baedc842678",
    "pages/the-girl-on-the-train_844.html": "a746a1662fc3f948e53d0e00391bf3b6e4c3f6ce5290a1ee808ea35172c0a799",
    "pages/the-golden-condom-and-other-essays-on-love-lost-and-found_637.html": "f374cbc0fda577dc73de4a2e5eb244c5776f76200e972f4319b7d5edcfbe0848",
    "pages/the-guernsey-literary-and-potato-peel-pie-society_253.html": "a8377d925b7d6762090f00ddcb96e367bc4db655b0bd6e457259b7a4aee2de32",
    "pages/the-guilty-will-robie-4_750.html": "acafe50c5a1af0c6d8b57fb766c7e69fa6ca659c692f95a0c3f271dfd128f991",
    "pages/the-guns-of-august_254.html": "02cf089422d9c2a1bd48d70f9d854fddd14ea05b74c7de48d14b8999f73c7c0a",
    "pages/the-iliad_69.html": "6dfb64a505c7c728ac553a614f4d0d320e6f194e7b7a8a91d185d6a6a8a814c9",
    "pages/the-inefficiency-assassin-time-management-tactics-for-working-smarter-not-longer_935.html": "b2700b029a35bea50df07cf9ba9c01a136f66fb9bcc6cf486808e855d4fe01df",
    "pages/the-jazz-of-physics-the-secret-link-between-music-and-the-structure-of-the-universe_350.html": "851c0d2d61f22a05898208e9f979a90900d1875a354843929c370985a4d95bc9",
    "pages/the-joy-of-cooking_449.html": "0b98633e82b04dc3b475a0c28b456a10e51afd42c0a36267621915751c8fe6d5",
    "pages/the-last-girl-the-dominion-trilogy-1_70.html": "daa691ea3babcfe442fa7d172813bb101dd364ee3afe4190c87e63d2f89bc1f0",
    "pages/the-lonely-ones_261.html": "1155789699d961739a9eec76531492ab05971f07e84295fd18838a9c6f817c4d",
    "pages/the-lovers-dictionary_262.html": "f89d47054c754a34a7f95b4758da5ace2e60dea881efeb1a24e1fe487c211761",
    "pages/the-man-who-mistook-his-wife-for-a-hat-and-other-clinical-tales_451.html": "9530edd3664b8495bc7e16a1bdeec1929b4576584dec076267647f537884365d",
    "pages/the-metamorphosis_409.html": "93afda7026fada4fe435f7224e6453c77e907c274d8a5abaeca0300e06f0114d",
    "pages/the-name-of-god-is-mercy_264.html": "efd7a687e9a60abdefe911ac48796884062d5e8372dd6619e5f612c074db16a1",
    "pages/the-nanny-diaries-nanny-1_265.html": "894c52f3e0e48dcb0bf4a8166e6939b4c8d0f56ed0875da0a63dd14bd78f3c03",
    "pages/the-nicomachean-ethics_75.html": "868b668bb836a034572d3adea33980b093beab07f03ec979d3f70471b5fb042c",
    "pages/the-nightingale_267.html": "676ce61b2366f24829ee981a1f451cf5df1fe9d08c60a9b277f5a8d43fbcc29a",
    "pages/the-omnivores-dilemma-a-natural-history-of-four-meals_854.html": "e9eea98ebf10c91aa6fa43cae74f1e333d30b5668b22a68fd1b0cc23d1350727",
    "pages/the-pioneer-woman-cooks-dinnertime-comfort-classics-freezer-food-16-minute-meals-and-other-delicious-ways-to-solve-supper_943.html": "299926e41b33a664af1c8907631ad55ef79ff6974d6ac8b219bd128088bf09c2",
    "pages/the-regional-office-is-under-attack_858.html": "b35a746564725708ef765d94f8f2c4f6ce63513a15b9c6658bc133db6511f8f5",
    "pages/the-rise-and-fall-of-the-third-reich-a-history-of-nazi-germany_454.html": "633484ad6e75b55cb684fe1c02f4f360d83e8fb7343b454cd35b903dc6b13a8e",
    "pages/the-sandman-vol-2-the-dolls-house-the-sandman-volumes-2_110.html": "832a2ea9efd90e23c471435ebc9501236e1c10c62cf531bae5f200fb42f57153",
    "pages/the-sandman-vol-3-dream-country-the-sandman-volumes-3_279.html": "08353c1021b010929dd8e5ea503a53af1975f65e893140f9ae6fb4fa49e20755",
    "pages/the-secret-the-secret-1_859.html": "57bad2e83ba78388a112e3d45d9fab665bdc2cd60394b4c55009cf1b2bbf2984",
    "pages/the-song-of-achilles_762.html": "0d202cae97a09015532160c43c56cdb0a1c66ae97ad5b3db15ca74a6350d9a2c",
    "pages/the-stand_282.html": "78c3e89f119b18b036acdd161e66a4a0af0ff0ccf608ecc93ef60d8a4c19357f",
    "pages/the-time-keeper_766.html": "393095703753e9cdb11b1d9913fcb7dbd660109e90b3ff970a84c8db4d21ce69",
    "pages/the-undomestic-goddess_286.html": "d02379171bd0f4fe4951633ec44abcb2d2bdfbcf83d278046e943cd48c4403f8",
    "pages/the-wedding-pact-the-omalleys-2_767.html": "ae1ed9ff1100d3077efb682f44b17ec0635cc0dd5937193055067f7e3610d68f",
    "pages/the-zombie-room_87.html": "3f8950dccc2c70a379249b65410461f115542105b7290fd564b5b5fc52ae6df1",
    "pages/through-the-woods_772.html": "a32732aaeb9f8a851d346b8273fc99503f20873a66e2fa3e1c819864d14393c4",
    "pages/troublemaker-surviving-hollywood-and-scientology_610.html": "f7745c55a3e831149a88f26dcdf92792316271e06ec832b3adde49789bd87e59",
    "pages/unqualified-how-god-uses-broken-people-to-do-big-things_873.html": "8c965974295344553112e613d976457eabbb0142240bf17abff75ccaabfcdd88",
    "pages/unseen-city-the-majesty-of-pigeons-the-discreet-charm-of-snails-other-wonders-of-the-urban-wilderness_952.html": "451c0385054e29d7fd57315e761f9e4a14be1edc315ce9c948b6b64a897955ca",
    "pages/unstuffed-decluttering-your-home-mind-and-soul_296.html": "3bca69309e4cd4758b54ec63456afb3a662056a22a377589afca5af70de8687d",
    "pages/until-friday-night-the-field-party-1_775.html": "d3e1e9a0bd75700d5f7a7c526695aa660938a944c8d78cefe0aa5a87ddf41bc2",
    "pages/v-for-vendetta-v-for-vendetta-complete_776.html": "cc6db02a2d5db4ea428422473543df252982b19367a5b0821cb2136364ac7d53",
    "pages/vampire-girl-vampire-girl-1_92.html": "b52b911677d84be108f3038295030654d61455dea6d991ceff16073069f99e1b",
    "pages/vampire-knight-vol-1-vampire-knight-1_93.html": "5968aafc7ebf1a4e70ff44d57cfec58b7d493d8d05cbb0c35a3ee33535b1560c",
    "pages/voyager-outlander-3_299.html": "013d67f3a176522dccd1bf65e5440dca2600854079ab5df58381b55a69abdf95",
    "pages/walt-disneys-alice-in-wonderland_777.html": "0927fd736c7c4cc40eaf347456a7f6c4f8671cc76b5a1c9e6e6176192bf3133a",
    "pages/ways-of-seeing_94.html": "be5fbf006b0ca2a0a8f9e7da56c20e531a8ace0db4596272478af12f13d19e4c",
    "pages/we-are-all-completely-beside-ourselves_301.html": "88e34add16a5ce61d8d28c4e3eff68e346dd85ef8638068f2c275654c5a3fcf3",
    "pages/we-love-you-charlie-freeman_954.html": "a289503e272a92e8635f797f4143c64a6121942dfe7bd466cd30775ea695f8cb",
    "pages/we-the-people-the-modern-day-figures-who-have-reshaped-and-affirmed-the-founding-fathers-vision-of-america_302.html": "fa023769e59dd0055e9c7c02d388afb8690d2ad2c9e64e34425bf182680856db",
    "pages/whered-you-go-bernadette_304.html": "47b842275a69e8b492f532b5a97997aa3e500a8524bc42a6487837e854aa7b6f",
    "pages/whole-lotta-creativity-going-on-60-fun-and-unusual-exercises-to-awaken-and-strengthen-your-creativity_780.html": "4e59eb3f2691edd0140f7387c5443aef5fad7fea228f4c407ef3c22b542c578d",
    "pages/without-borders-wanderlove-1_956.html": "2dee5409c9556a05b2ba40002ab44924bab69fafa8ae374b8034995bffdd0e64",
    "pages/wonder-woman-earth-one-volume-one-wonder-woman-earth-one-1_783.html": "63e9c727fb155368758f9bc2aa9a9679fbff6f53f24462f33eb1f8cd2adeee15",
    "pages/world-without-end-the-pillars-of-the-earth-2_420.html": "3e4a409d5190534dd4a4315a889c8cf9e499fb9e06b94fec0735e5e4a9f9d94f",
    "pages/you-you-1_784.html": "2d37150385d9e7c925b8206429b47d7f412fd46517c16434a1e1b338feae1918",
    "pages/zero-history-blue-ant-3_308.html": "fa779d449b9ec1ea9ea6a57fd79f07d620db82051b733cb8c765eecec4d2e276",
    "pages/zero-to-one-notes-on-startups-or-how-to-build-the-future_555.html": "9f11c03f044333e960acfd4e3ca1a4aed461ff344f08c5662ec5c391abfca319"
  },
  "name": "books",
  "publish": "full",
  "settings": {
    "labels": "markup",
    "sample": 200,
    "seed": 42,
    "source": "https://books.toscrape.com/"
  },
  "truth": "137bf4efe1a2ebf24d56bfba288c0b6ef5fde4b6159da3098cea3c40bcf3da06",
  "version": 1
}
