{
  "digest": "266c49c4600e074436e5f204225fd95d07b91ecb367e86814487c5aacd66f7ff",
  "documents": {
    "brochures/aurel-emberly-spec-sheet.pdf": "e6dc9c46bc52822bb40b0d6672decdeb232714ad588fd0da26262651f808d724",
    "brochures/aurel-marlow-spec-sheet.pdf": "79eea67ffc3988ac0dc17c8f342ab20d034ce5596c7b1a7038bc2f63e5a05f9c",
    "brochures/brantis-orbisa-spec-sheet.pdf": "c38f974eaff16fd27921c78ab2ba94ec887b589402e9b798f00b9b6dff38c2ba",
    "brochures/brantis-parhelia-spec-sheet.pdf": "972f25cc7341d21ea62bbcd5be05253d59a4fa6829cb63034aee7069a315aab7",
    "brochures/corvane-solace-spec-sheet.pdf": "e6a84aaad45862df00f275e23108a761a91d350e4fbc1f704879495182e49178",
    "brochures/corvane-tamsin-spec-sheet.pdf": "c1860e289e4e4b6dc105ddab4c25d2abdc837c48a83a6ffce9399ea88863bccf",
    "brochures/delmaro-kestrova-spec-sheet.pdf": "ebf2aa60b7560f729d3c10a73c8c3f0e35b8d7697ca203709ef11cbad452d72f",
    "brochures/delmaro-tovani-spec-sheet.pdf": "9fdbfb13692d06b31a913aa7cf271c6943c73de8a4f88f354bbb151eca7d597a",
    "brochures/esquel-quill-spec-sheet.pdf": "e93fdf847cb2e49d5c8ab3e7ff3a6b0ba6d3c05398482a95adaa9cf81ec0b28f",
    "brochures/esquel-wrenna-spec-sheet.pdf": "fbe098178947c2fac60d2e7f247a4f8314aab02ae04dc06a729a700111e55758",
    "brochures/farlan-brixa-spec-sheet.pdf": "500a2693c8cd683fd1789fad790765345d5c71493013dd9af5f913abc333d3ea",
    "brochures/farlan-selvyn-spec-sheet.pdf": "1e1b0c94b17b29ddfe88d29e5dfd91cb5f6ec959182198d040d2af44842898f8",
    "brochures/galvor-quorra-spec-sheet.pdf": "2137d02a47f54f9de0975dbf063f4796015dd83ff7eed36ad889150e21e2d8f8",
    "brochures/galvor-rivette-spec-sheet.pdf": "348923c297528acd338c5ed004d16870343016d1dacc059cd46f6f00da15acb0",
    "brochures/halden-lumo-spec-sheet.pdf": "c7b7cb07418f3201a32f6934bfbf84505672c02e469ac88b1e469293a30bd970",
    "brochures/halden-tessaro-spec-sheet.pdf": "a261d37d602b66f2432bcf43653fd013ea1c4e65dbc7c63bf23ccd70e11b0092",
    "infographics/aurel-emberly-s.png": "8ec35853d2d9b9906ca68d473276bdeee00e8b4678b67add64dc5989b9123b3b",
    "infographics/aurel-marlow-vision.png": "16c72d3699cc00b25d1191146d343d9c0085ab58bc8490c696e7be499be8fafe",
    "infographics/brantis-orbisa-s.png": "3d95319575d74b9ff66e6d967bdeb56abfd7ae0e9abd0c03784bd29a3c84796e",
    "infographics/brantis-parhelia-signature.png": "c729c7d3d70975eb2cc6f6600dfae5cc1b8d4d635f843fb2a3429832585bc0f2",
    "infographics/corvane-solace-signature.png": "a8d6c0ae3de64b0a8a164e6b7285721c3332a4cad30faf151aea174da9163af8",
    "infographics/corvane-tamsin-se-l.png": "50e506b400f187f1dfc8f41d196fcf0cecc9710cae4e238a83b9d99041d1d227",
    "infographics/delmaro-kestrova-gt.png": "90fdff779eeb16943780414bdc16435f7fd31644b4a71c2a6fdf4fc15df23102",
    "infographics/delmaro-tovani-se.png": "822e2f9ea65e92b841c0118f65a6e6c1f536d7b2e47953662c000a363177f8f9",
    "infographics/esquel-quill-gt.png": "808407fb15d0f60c0fbbe8986c99813e6107b97c995d01683cc24f60ef007dd9",
    "infographics/esquel-wrenna-se.png": "0f19ecf81b746be428f3e51246785d9ebebbdf37045ec02e8f89390c676a0ee6",
    "infographics/farlan-brixa-edition.png": "7032669d60a25c2eb1549e99a2de790a7bf716c3a75ba6998472183dfdc85cd7",
    "infographics/farlan-selvyn-se-l.png": "38c28accec224934dbdb9e161471dc63ca7e2902e5a84e3f58fd8292ff5ef90b",
    "infographics/galvor-quorra-se.png": "27df62198e191d3f136ede5e32e0b97748b4b1d2157ef6f000bac441b1070a9f",
    "infographics/galvor-rivette-vision.png": "18466fdcb8aa590ccd35e2661e9fab83e157afb93b47505e05bebd897956b7f2",
    "infographics/halden-lumo-sport.png": "542d6836af966442750c962fad6526dd9b4783c65d210174b4d1cbb003c8134a",
    "infographics/halden-tessaro-se.png": "44ae7fb4359066ebfe29cebcb21004d20c6ede22e42f85f1e67e9853b2afff21",
    "scans/aurel-emberly-spec-sheet-scan.pdf": "4f02d6121430d84e6d007857295abc04ca3131c654a2f8b39f70109b1faa4d41",
    "scans/aurel-marlow-spec-sheet-scan.pdf": "45e646d7948e1b918e0a4e6a782a40281b6868da21f86ac9107b79fd7f8f8d65",
    "scans/brantis-orbisa-spec-sheet-scan.pdf": "3ac503950ad22784e9b84ef26ddb3763e2485a576ffd5cf47204b3f6e40e9837",
    "scans/brantis-parhelia-spec-sheet-scan.pdf": "8caf3611aa9a58e693d323079479fa0cd83fca3038b369abf8bf845ef4856bb7",
    "scans/corvane-solace-spec-sheet-scan.pdf": "780155c95a78be4a10152e4f0eef8ce358bc26d77a5b79eefc42224ef9ec131e",
    "scans/corvane-tamsin-spec-sheet-scan.pdf": "7064aaa7aa1e152374a1079c67d19c5034ede935f3e101527bb712a36d1e27f6",
    "scans/delmaro-kestrova-spec-sheet-scan.pdf": "50edff0b3099aa7476733cceb70ef563ceb92938360ab13fe20d24f1b762e68a",
    "scans/delmaro-tovani-spec-sheet-scan.pdf": "7289a09d410087aff6628649a98f7ef37628d0ed4c107c0ade7c28f41a474a2e",
    "scans/esquel-quill-spec-sheet-scan.pdf": "35a8da7149913e874387c4632d02e2f21675bdbef9a842dad01ddf4cc57baf32",
    "scans/esquel-wrenna-spec-sheet-scan.pdf": "4817dc94b390f15cbc6774eeb9762401a554734ccf410fe1d65eb81930303827",
    "scans/farlan-brixa-spec-sheet-scan.pdf": "728003d12e3f3b9046a71f77f4b19b54901a648e5e88710da12cba65c9c4c54c",
    "scans/farlan-selvyn-spec-sheet-scan.pdf": "3546afb08196675b55c05ce20f1c087aaae15d473dc15e3531542725ff686823",
    "scans/galvor-quorra-spec-sheet-scan.pdf": "8ed9fbf8e8e55c45779e5168a8741cb2a72fb2c8b74e835d1537ced97415c9d5",
    "scans/galvor-rivette-spec-sheet-scan.pdf": "7ac4db1aa2b4ba9d909af2aba51a9dfa1fb4ef8dde946a341792e4c1bb2f44d3",
    "scans/halden-lumo-spec-sheet-scan.pdf": "9bfd29768d4cde2482e1ab04fb0c15b0562edf481af7a604eacc58e93118d4ab",
    "scans/halden-tessaro-spec-sheet-scan.pdf": "4a84f83175a8ad610168a60e0be474c479883481f0b9a4cb5fd3f35043fd2617",
    "specs/aurel-emberly-details.html": "f47d0e3bb4dfe8b866102fa756101fb82712c52fa703f7c90c0dc5f3ce33c5c5",
    "specs/aurel-emberly-gt.html": "e1b2365e29eca286f4513ef60ea53703730ccf6b227315b1ea561ce21d7ea25a",
    "specs/aurel-emberly-s.html": "8ce22fef521f0780e832a32136e6efc0819efc1fa811f2428e1181689b20cd30",
    "specs/aurel-emberly-table.html": "f42bb3a3b641443467332a64ff7b2377ea077be7dd06090acc402fa96778dac4",
    "specs/aurel-marlow-details.html": "60ca999deb0df413d2fcea9cff42d7c19e2333f1235a6cf9261a5ba0210c87a5",
    "specs/aurel-marlow-se-l.html": "0c83c2d6bd94ba6c40b37d5b280fddc96515c41aa6dc5d145882d017b0e11d22",
    "specs/aurel-marlow-se.html": "b0276c7da0cc8db8bfdc267f658faa68474afe604cf96d1dc86618072bf9cd2c",
    "specs/aurel-marlow-sport.html": "2ff0c52cd6ce5d3a5159088f9160836370f0a4311bb51ea38e35625d400cfe99",
    "specs/aurel-marlow-table.html": "e368269fc67687097d17e346c69cf0ceade064cc88e4f50e2c67d7d5408c572b",
    "specs/aurel-marlow-vision.html": "e1eeae9173c95e0fc54e0f399771d3273268b3b9e66d1daa8ddd576e4446f1a1",
    "specs/brantis-orbisa-details.html": "e1c48c88ac0beab3e3e2a44604d791c8193bf3059707d5fd48d363a4ca1befb3",
    "specs/brantis-orbisa-gt.html": "46312199f7f04be5b69929451a180e42daec96bf17f1c6349f277ca98ae19dc1",
    "specs/brantis-orbisa-s.html": "494e5f086e6a65f02fdd8bfb6dfc405a46ec69d4ffc4e014cace2bb410ff950a",
    "specs/brantis-orbisa-se.html": "145274d70ac781812df3cd61eba737deb410ea4549a8d7f44d29a3229ccd961b",
    "specs/brantis-orbisa-table.html": "dfacc2b791abeda01c6a1a298a9fb74d12fa6041fa50be9a400c707da3e36a1d",
    "specs/brantis-orbisa-vision.html": "92ec2d9f5a0fc50a07f58017132309e47966cee5509a5d4691d51a67749f1edc",
    "specs/brantis-parhelia-details.html": "298debe7d3c26770fce048a7c94ff163bb25b90c5bcb87273e5e6fdfa6c319a5",
    "specs/brantis-parhelia-gt.html": "7286a05822f5253a5dd0262fb66e2ba4ce6e7c247446bbeb03e6e566485c2554",
    "specs/brantis-parhelia-signature.html": "1b632073ac80683efa156bf0ef1f86d3873a1e329a1b4a6074ce681f2789ddba",
    "specs/brantis-parhelia-table.html": "7e287951a668643acc638784fb25c75bef09ef7eab932d3197112f364fbef7e6",
    "specs/corvane-solace-details.html": "9da701ba94bb9df4f3eda44d1f7a309aeec49a69767eecb90addcebb7e39d2f7",
    "specs/corvane-solace-edition.html": "8796adb12cfa97f92f331d86db6e917749503393bfe68cc55c12e74b5664735f",
    "specs/corvane-solace-se.html": "799c39fe185b8e5f5ce344efbbba4f715bfac642d6c61a13f475d7f98de9e5f3",
    "specs/corvane-solace-signature.html": "64620bd65b56193fc09dd54d31bc454481fb9239154f45ad8e84635487feb35c",
    "specs/corvane-solace-table.html": "89fd374fa6192fde5df02275a5b9b0ac2b07d3ed664f3a74d77f363323056736",
    "specs/corvane-tamsin-details.html": "d5517e75c99873e8bf8934382d49b34c7f067486c05a228416738104b7a2b7e6",
    "specs/corvane-tamsin-edition.html": "891fa50b8f328b10348e500475aec0ab3fbf9344c6acfbc6774bb18fbedb6ee5",
    "specs/corvane-tamsin-se-l.html": "2a8c04a19bfa529ea8d8e5522df746a1e3009204053f1d6855bc3d83f71a79c9",
    "specs/corvane-tamsin-table.html": "5020bef89849a155153129a3e3e3bd958c4ef477d0464a03526dc38e4d1484e6",
    "specs/delmaro-kestrova-details.html": "c6e33fff1cbb3f4fab956146b199b1b23c710d593ca66907686db7bc10b64122",
    "specs/delmaro-kestrova-edition.html": "4a13e7136cee06963ab747a889af5aa80f013b3ce71235f5c3639fae9a5bc8a3",
    "specs/delmaro-kestrova-gt.html": "38ef2ff1e16ea32bcf1b618d1fbbab4107b40ab9369ba80a5bab0928b5c89b2b",
    "specs/delmaro-kestrova-se.html": "a7f19024f9ce9d89dca9a24012619cac5746ad9d38571594b19bb610ca390cd8",
    "specs/delmaro-kestrova-sport.html": "df695b763c08e219e7aa18b79a35c8645424c9fb5d399ffde2543f4642beab6f",
    "specs/delmaro-kestrova-table.html": "6f7a59e2262906cce5c9204aec9b54d1f0618fe16f9a869a0ce4a456368d99bf",
    "specs/delmaro-tovani-details.html": "8871341d11a45a72b1cb0beb7a3510776ffe0673105dae59f6ba4548aad68ef6",
    "specs/delmaro-tovani-se.html": "d389c071d6808127d694188dc48cbda452c7594b7755945d44af1bab4a0b6590",
    "specs/delmaro-tovani-sport.html": "585fcd81206f84935a7d9c0571ed5ec29ae16ba17db6ea07c110f296e2c44d73",
    "specs/delmaro-tovani-table.html": "0ff1345f49a69aad2a9cb836db76e1f1a67f7c6f87bc69e034a2b3de51ade558",
    "specs/esquel-quill-details.html": "12c9798155f748cea3d57b8a5b122daf8ceb1859b0904a21d7907cee29e5a72e",
    "specs/esquel-quill-gt.html": "6005f001af79189226d496be47f96279b84e80827de6022d2c84899284d12826",
    "specs/esquel-quill-table.html": "e00eef77b3aee9be226898db0e690ff45bc008720f50048cd9d6ae2c7565533b",
    "specs/esquel-quill-vision.html": "68103085252540d7aac4e8333881fa70d1143e5193a97c33b954d241f2ef5084",
    "specs/esquel-wrenna-details.html": "d3628f1de67be03abf9e26244d8f231e565eb4adbe71220bef23c45bd84112b9",
    "specs/esquel-wrenna-s.html": "072e35cbc30a5c5eae4f9e20d9defece6eade202bb6cf5cbfbfa842b7336307e",
    "specs/esquel-wrenna-se.html": "2a43bb9d3aaaee82e9257272f244b59c8c7e51830b81c98f643b07d6029beb29",
    "specs/esquel-wrenna-table.html": "b8654a0da36168ebe6c85148dec4c9413c15908a475bf8e02911a2bc2d5b0029",
    "specs/farlan-brixa-details.html": "64f5c575f649d58433bcc5345782ea23aa69ebc3a185fec6867bf4b5bddba198",
    "specs/farlan-brixa-edition.html": "0b00e9066e80c36b1cdcffc1ffb3e2e044d71ea9e33c7cab180a0b6d70c2a763",
    "specs/farlan-brixa-s.html": "40764d3973830b1a8819401c8d80e86cc577d9ce9609f0371909088c3e426fc7",
    "specs/farlan-brixa-table.html": "9d5c000f0c8b07b413b89ddc8cf2d1e9c81f474ccff9c2c9a896730cc18297a3",
    "specs/farlan-selvyn-details.html": "1f135aaa80397c7bdb3f405ba2361a2447fe06b609896858b784d57c7420e555",
    "specs/farlan-selvyn-gt.html": "239d6c5056663b370d685ebaf262b020e44e2f2d518d853581bb04fca767a1c2",
    "specs/farlan-selvyn-se-l.html": "b29e99f5939f41382b44baf5b79250744028a99082e4312405b411ad9871f973",
    "specs/farlan-selvyn-se.html": "55406efa7f837e3e5e3f0f4eda2436f34ed197f42e1eaa06fd33b31d3743cbbd",
    "specs/farlan-selvyn-table.html": "cc21dd691aa3b3b1f6af54be6a9848873c4276d58ae635ef7ecb9f28667523d4",
    "specs/farlan-selvyn-vision.html": "4d276c08e49a7a5465479ea82d29c1f99697a8358bf087e1eeb621ea8f03b684",
    "specs/galvor-quorra-details.html": "419754b83c23df399e79f25c9fbb96d95208f545eace3d7706ec0ffed69f3ff4",
    "specs/galvor-quorra-se.html": "7a88e1982455be7a91545ac0df6bc572455ec73e0c1514c64c8c338eb9d5fb3b",
    "specs/galvor-quorra-signature.html": "b510506f204ab5f182f1df76f401f7db4ff5a37fe12b90851a2268e74529b276",
    "specs/galvor-quorra-table.html": "17cbb06b42819c42da6e91434890fd3b345aa7316f6f97c030186161f9b983fd",
    "specs/galvor-quorra-vision.html": "b840ee4f6cbbb38f82aaf8a6341a025fed1ac32997fcf937c05e962042d98112",
    "specs/galvor-rivette-details.html": "d107404ddaa7e296295a2e0bf48c6cc60091bb765e35f1c2e79db16559b86f18",
    "specs/galvor-rivette-edition.html": "40ccc71a7f09e458e100b3f5b4fa9c29a196cd79ef7fc2f29e723291abbfd73d",
    "specs/galvor-rivette-sport.html": "bcea8342f19a3deef0beac67bb89c964f94c53c9d3fb55180948251d9e36b6c1",
    "specs/galvor-rivette-table.html": "bfbea5ca5e5a357ca39a38248667bcff22ec4fc3ab952a46dda5e1d4198fc17a",
    "specs/galvor-rivette-vision.html": "945e02fc87774d45a0166e1df2005ac2c91f41ff4ca6e7224421d8b922120a46",
    "specs/halden-lumo-details.html": "ed6c4c180f46863e47f1ba6bfecd137c1964d221389d54b042ed97994ef5bea2",
    "specs/halden-lumo-se.html": "b0e385bcad4c10300a890eadf84c44e0b165f32c37d627ea01482ac5940baba0",
    "specs/halden-lumo-sport.html": "abcfa8ac16884adbc72ecf816c7f519993c1ac14767ab4731aff11db887d5340",
    "specs/halden-lumo-table.html": "1f0564f172bd57ce351a8a6da15e37476bc88d8160adccba1b10b51fae04a17e",
    "specs/halden-tessaro-details.html": "fb529c197f2fe29e002b06cccfd2a459573ef9de368c003e7ab022bc19293139",
    "specs/halden-tessaro-se.html": "c28bf319fddb6f8834497045c98e1699e97404434211421655b115ecc78340bf",
    "specs/halden-tessaro-signature.html": "d4b24c59023604177b49ae0958de7e31219b9861baf1aeae4f3e20d34b6126b3",
    "specs/halden-tessaro-sport.html": "eb1891283d0c9f4eaae445840841a606e64a3005beec706367513d0b528ad482",
    "specs/halden-tessaro-table.html": "ce7cc3eca64e732b52c96f8d11be8b140dd464080a4558fc6b03533562be179d",
    "specs/halden-tessaro-vision.html": "4fa98a562d14a39db1f5cffa7746fceffdb9ce9cdca5162be0e808c63bc787f3",
    "used/1.html": "13d57efa451ed1986ccc63f5f26e8cd965d104871a21db3ebb225baf212ad31e",
    "used/10.html": "915c7667edb7a8194142ed8bcdf03b77c2380b8e6403d88fb45d856ccacd141e",
    "used/11.html": "670d40fc7f86502ec3eeefca26a0c4c8f35d30a35a9d18be829b655c1bfafd36",
    "used/12.html": "fc98adde59d614913fc8fcd11bd7d211cf857343a78ca2fbcdad95c2510f828f",
    "used/13.html": "9ef6166045a9648c79cfdf6a3eace4019efe9f378aaf2ee69a83217d0c50a813",
    "used/14.html": "44f4cb5d83dbdbae1545110f6b41ab783d5c29be47ba6876c0dab0b36cd56d3b",
    "used/15.html": "44341cf090fac74b536ee5ebd4a83547c39046857e9a250d1d0545a76b00d232",
    "used/16.html": "089d80801deb28ebe0855c9de6ce0a2044c1e21c2ea625a2c02b685c774ff03f",
    "used/17.html": "6b58bfa0aebc6a8c5825fdf4a9e26604047fa7ed2b923cf29fcebfac9d692362",
    "used/18.html": "f5774288735593e93855249787d30282134e8abe9cf499d691bc58eab54705a8",
    "used/19.html": "85fe76fb144d48ba53226a8cf4043cc993047d20be10a615cce36848d334163d",
    "used/2.html": "359033945c23fa5aa18b5effe43e1aed261caf5a42cfb4775d9d1907d60a8478",
    "used/20.html": "c9943ef4d398eeb9d4987ada0db80ef1f5b004b7195600966d0cd5b4fa1ec9ac",
    "used/21.html": "e648c01ff93f8130e4a0d53a68698f081f862b171b1393b0fbcace423fbf39c3",
    "used/22.html": "b9b919ec9d473b0b4f285cbc7987a71610b1ef1849c4a99fbea6e345328d6eb8",
    "used/23.html": "e06e854740cfb867c260923e9380e6caed91cc6c9678cb20b9279835bfc8ca5b",
    "used/24.html": "4ef1d11b0fd88c6b94e3f83a6c28d79040c6ec1444c988ab5fa2d0f0a610545c",
    "used/25.html": "91eb8dfd0d1cfa7275d26661f79a205481598ae619c40095512f89f52c1c0f8a",
    "used/26.html": "a0e3560d7a6fe1ff3d7a34f17b4e3381d9ab7db90332e2b2338b04fc757dc83b",
    "used/27.html": "c1c668797d072e73cf303660d98907c044021ecf8b21656de5ece4fb3aa4cfdc",
    "used/28.html": "19699218b0173b26def1403d571bd9115fad0bcdd3965b5f4713197c33ca8c42",
    "used/29.html": "0935ab61141eb960aecb20801ec07391c7d6f5360c6325c396cdbb0a08d89303",
    "used/3.html": "1aeea6897dcec84170e97d564b555f95aa3db7cf4adc00dfd4dc8257d2485923",
    "used/30.html": "9ddd6c02eefc65dafaf3a8c2a58e5eed4a840cc33cf8f0d8917df95a1eecd2d9",
    "used/31.html": "e94b36bc1ee25f911d90b2c5b6a2624b05eec3695de46073985c4f73f7d0a14e",
    "used/32.html": "3efb2dce4c354879535e06fe3392fe35e4c5d2622b21721aeeee9e457d3c5e2f",
    "used/33.html": "9687f21a846168df38f517c6f1a22879b3b0c70679af9d2d75471ccfae56df74",
    "used/34.html": "263df52afa7e05edd82d1c73abf993d15ff5fde134d49f5de907f2ed549f5f70",
    "used/35.html": "06aa8cc7242d1a011b1cd413ac3be45e36d7725086d80fbef5d4a7a2dae0abb2",
    "used/36.html": "733d0605982a9fee66844be1026d7d5f6683030df21f975daa307821c3c49c2b",
    "used/37.html": "c63f048e77dc40368474d0b2e0cfee0c6e9ded98f597f428bfb8ea219da23b64",
    "used/38.html": "79bf81c7832fb348b965331ee2b3268c4298eeaa8cd1265b43c1d66e1873711c",
    "used/39.html": "30adf2c791bee3f4715f778c695980158ab752dfeab81c50a19b52c1f831ce90",
    "used/4.html": "8f8d06693770301542de7dc9abfd5c623ab8fcb5d3ad33168ae6c110e6f3adcf",
    "used/40.html": "26c75dc753a1e6264d1a3fdc2c67d6c40add4d4969937d422de0a83d6eb9ac3a",
    "used/41.html": "a41fe961d25c8bebead3783ec9c662e92b378e47617dc7508570a97f340517b9",
    "used/42.html": "3644a946111eaf48dc688f8eb503144521f0ae3cc152c08902055134781b6952",
    "used/43.html": "6d5c1cfc20df1ed112655af857121f7614efeedbdf6038d2f5c16d6737b2ee56",
    "used/44.html": "a66dbed7be1d7cbf78abe49a2ec0ca56777639460e841e6038f661e7f3ed977a",
    "used/45.html": "4720af2b47d6cbc54a231241b4f862f956b9253e3ccfde0b54d543881d37673a",
    "used/46.html": "329fdddff877f36981612b70dab55550472962e3614f86bb91cfd58d2f8efad7",
    "used/47.html": "1618cb94bf80698866ce99ab62d06b291a56e8acef7beb66c4e9397ed6861304",
    "used/48.html": "83533b97995614f9ad5ce72b537b9dd15e92dbcc53be2771a1a63287e065a527",
    "used/49.html": "65cd76d4f69d139fb784d72464e2b1db8949cc6179d25441868890375e257f73",
    "used/5.html": "43179c006b595e95dee1e5db50d9e7a03842b373636fcbe1beaa00dc51ffa78e",
    "used/50.html": "84ed6aa442cdc4e0c098b25cc3b608b948a638a5ce8cc1abc8e1d7f399f6c53d",
    "used/51.html": "a429d9f7239dd5ee746f91f60c579d1acbe8752799754936ca60202614b20d40",
    "used/52.html": "ba9c91020b95d85efd26ace924483fac61b3afee8b3c3d384730cea51c0a539b",
    "used/53.html": "0a364c13d3285b6ab847dfeaf86e1e79b14b4fe0b7e1c18506936431f3b254c9",
    "used/54.html": "378a984fc31e136bdc1d8ffb360d9d040d4f337438f3f3166c2679de4c97a4b4",
    "used/55.html": "c2dddd71f5ee7d892e4a4ea75ea712aebd4d646c22101e5f9e780a363b4e2329",
    "used/56.html": "4981ed228f9ed210b5be3ae70a9d7eec784879ff9a74235cdde7f37f1bc3bbca",
    "used/57.html": "81508d4ccf711fb9b8732bbdd17aa7344f23539f8e7d501fb32e04889bc875cd",
    "used/58.html": "0ba819d5ed0a45f96d465d8b4957657e764f3d19253da93e28c56bd3c5b2ca36",
    "used/59.html": "161b8b8808ae2a2fd7247c6ef393194d5b659da2d8371982b00b3e98928381c9",
    "used/6.html": "05640a13d9420ef5ac0b70b1019eb5e85fad825a4ef86a4c0527d38764828f2b",
    "used/60.html": "a794ecd10f9bf7b80e3016f05a441505de298c1badd8f901d721fc9978df28ef",
    "used/61.html": "d58315299d3102fb5131d2655c6670fef6533b35ec64f0a113459012916f0688",
    "used/62.html": "5c972a0c862f7c979a87e5acdb3a7d1979dbcc429162dc3333cea8d7717b319d",
    "used/63.html": "ec883e10c4874c2ea2593ab1300431f12929c69aa429c2b2fd08c4b4feffce56",
    "used/64.html": "ecdaf2a003b18245c9d8d2aacd81a46ba5a60c6770ffa2972b2b73b6bcc64724",
    "used/65.html": "973f3cfebb94b0e301417268365d4ef2fa78811d34061429cc7296209f5aa334",
    "used/66.html": "204dce800f173d1ea5ebff1f385e8e1fd57555a5734f086d9a34fbb2ebf9fb3a",
    "used/67.html": "b13de6853d77f6a1704d706ee0d7e738d71395516b461f29e55c973a959bdc54",
    "used/68.html": "a041b6461a55f41a5caf0c77fc5cc6c0ebe345b3300015fdb46129e3450d1234",
    "used/69.html": "22cd56be95eb7f762f3f6903ab9f23c74ff2a1f263b9e8b13d5d33369c63a050",
    "used/7.html": "2c3a5ca24b4497f5bb618a238aa55801cd40d0a48a35106672bdef2bb21ded9a",
    "used/70.html": "d4fab7334cdcd26b40289ae15d63811b3ca21bd823e4e01a646b1c73d5142373",
    "used/71.html": "28568c5243ca4b319dc8a9fe3afe8446a61fba8e46ca3707375960daca6b0794",
    "used/72.html": "5a9fb6fef0fa4317ec6e572db01d1f5a16540fce4b5b28d6b98658e6d80f1299",
    "used/8.html": "f6cc1851daf5e86c72dd4206d6fb4df4c0d682a69fa8ca05dca6d8eeecf23cd6",
    "used/9.html": "b752df79b72534ff89c515b5378d49afc03b0918e9a9cb2c2eabf88c9157a2f4",
    "used/page-1.html": "34b9ab683fb3e742b5e41b451762d8eb4e9c46aca26889586b3d3f1cf5f188d1",
    "used/page-2.html": "3b55238f4c6c8a79dd21c1e2298f1d9e70b0824ca27ea93731fda386c382fb2d",
    "used/page-3.html": "e6c715e88bc8a27928799eda2494009812ef65191e03f44004bb262726cb8b47",
    "used/page-4.html": "a147c755a4e78d6044ea3b223bc31d4fbdf4d240dd88e303ca4d7dc5a47472c9",
    "used/page-5.html": "bdf85021382e08d3898a7f41a8816ba24a1837378a7635f6164ef1d04311b281",
    "used/page-6.html": "d849aa753087e4704471175761854555f6df9d6631f6f91977c6a9aa18ab3750"
  },
  "name": "testsite",
  "publish": "full",
  "settings": {
    "seed": 42,
    "waves": [
      [
        "table",
        "listing"
      ],
      [
        "kv",
        "grid"
      ],
      [
        "prose"
      ],
      [
        "pdf"
      ],
      [
        "scanned",
        "infographic"
      ]
    ]
  },
  "truth": "4c003feacd86eb20eced2c0c0c9acf3a465a7e4551b3f6d7f8579c846cfc6231",
  "version": 1
}
